
Microsoft Visual Studio Solution File, Format Version 12.00
# Visual Studio Version 17
VisualStudioVersion = 17.3.32825.248
MinimumVisualStudioVersion = 10.0.40219.1
Project("{FAE04EC0-301F-11D3-BF4B-00C04F79EFBC}") = "WindowsFormsApp1", "WindowsFormsApp1\WindowsFormsApp1.csproj", "{70FFF6AC-7277-49F5-8575-AFB7EC304ABE}"
EndProject
Global
	GlobalSection(SolutionConfigurationPlatforms) = preSolution
		Debug|Any CPU = Debug|Any CPU
		Release|Any CPU = Release|Any CPU
	EndGlobalSection
	GlobalSection(ProjectConfigurationPlatforms) = postSolution
		{70FFF6AC-7277-49F5-8575-AFB7EC304ABE}.Debug|Any CPU.ActiveCfg = Debug|Any CPU
		{70FFF6AC-7277-49F5-8575-AFB7EC304ABE}.Debug|Any CPU.Build.0 = Debug|Any CPU
		{70FFF6AC-7277-49F5-8575-AFB7EC304ABE}.Release|Any CPU.ActiveCfg = Release|Any CPU
		{70FFF6AC-7277-49F5-8575-AFB7EC304ABE}.Release|Any CPU.Build.0 = Release|Any CPU
	EndGlobalSection
	GlobalSection(SolutionProperties) = preSolution
		HideSolutionNode = FALSE
	EndGlobalSection
	GlobalSection(ExtensibilityGlobals) = postSolution
		SolutionGuid = {69A04DDD-19D4-4D0B-9D91-DD6BF64A24AC}
	EndGlobalSection
EndGlobal
